
Microsoft Visual Studio Solution File, Format Version 12.00
Project("{FAE04EC0-301F-11D3-BF4B-00C04F79EFBC}") = "BingoGameApp", "BingoGameApp\BingoGameApp.csproj", "{49770DFE-F569-41B0-A490-382D8D1BD18A}"
EndProject
Project("{FAE04EC0-301F-11D3-BF4B-00C04F79EFBC}") = "TestProject1", "TestProject1\TestProject1.csproj", "{B559F2CF-4AED-4763-87FF-0A9180790EAB}"
EndProject
Global
	GlobalSection(SolutionConfigurationPlatforms) = preSolution
		Debug|Any CPU = Debug|Any CPU
		Release|Any CPU = Release|Any CPU
	EndGlobalSection
	GlobalSection(ProjectConfigurationPlatforms) = postSolution
		{49770DFE-F569-41B0-A490-382D8D1BD18A}.Debug|Any CPU.ActiveCfg = Debug|Any CPU
		{49770DFE-F569-41B0-A490-382D8D1BD18A}.Debug|Any CPU.Build.0 = Debug|Any CPU
		{49770DFE-F569-41B0-A490-382D8D1BD18A}.Release|Any CPU.ActiveCfg = Release|Any CPU
		{49770DFE-F569-41B0-A490-382D8D1BD18A}.Release|Any CPU.Build.0 = Release|Any CPU
		{B559F2CF-4AED-4763-87FF-0A9180790EAB}.Debug|Any CPU.ActiveCfg = Debug|Any CPU
		{B559F2CF-4AED-4763-87FF-0A9180790EAB}.Debug|Any CPU.Build.0 = Debug|Any CPU
		{B559F2CF-4AED-4763-87FF-0A9180790EAB}.Release|Any CPU.ActiveCfg = Release|Any CPU
		{B559F2CF-4AED-4763-87FF-0A9180790EAB}.Release|Any CPU.Build.0 = Release|Any CPU
	EndGlobalSection
EndGlobal
